// !$*UTF8*$!
{
	archiveVersion = 1;
	classes = {
	};
	objectVersion = 46;
	objects = {

/* Begin PBXBuildFile section */
		963943301BD7450000DA06D7 /* AppDelegate.swift in Sources */ = {isa = PBXBuildFile; fileRef = 9639432F1BD7450000DA06D7 /* AppDelegate.swift */; };
		963943321BD7450000DA06D7 /* ViewController.swift in Sources */ = {isa = PBXBuildFile; fileRef = 963943311BD7450000DA06D7 /* ViewController.swift */; };
		963943351BD7450000DA06D7 /* Main.storyboard in Resources */ = {isa = PBXBuildFile; fileRef = 963943331BD7450000DA06D7 /* Main.storyboard */; };
		963943371BD7450000DA06D7 /* Assets.xcassets in Resources */ = {isa = PBXBuildFile; fileRef = 963943361BD7450000DA06D7 /* Assets.xcassets */; };
		9639433A1BD7450000DA06D7 /* LaunchScreen.storyboard in Resources */ = {isa = PBXBuildFile; fileRef = 963943381BD7450000DA06D7 /* LaunchScreen.storyboard */; };
/* End PBXBuildFile section */

/* Begin PBXFileReference section */
		9639432C1BD7450000DA06D7 /* tryTest.app */ = {isa = PBXFileReference; explicitFileType = wrapper.application; includeInIndex = 0; path = tryTest.app; sourceTree = BUILT_PRODUCTS_DIR; };
		9639432F1BD7450000DA06D7 /* AppDelegate.swift */ = {isa = PBXFileReference; lastKnownFileType = sourcecode.swift; path = AppDelegate.swift; sourceTree = "<group>"; };
		963943311BD7450000DA06D7 /* ViewController.swift */ = {isa = PBXFileReference; lastKnownFileType = sourcecode.swift; path = ViewController.swift; sourceTree = "<group>"; };
		963943341BD7450000DA06D7 /* Base */ = {isa = PBXFileReference; lastKnownFileType = file.storyboard; name = Base; path = Base.lproj/Main.storyboard; sourceTree = "<group>"; };
		963943361BD7450000DA06D7 /* Assets.xcassets */ = {isa = PBXFileReference; lastKnownFileType = folder.assetcatalog; path = Assets.xcassets; sourceTree = "<group>"; };
		963943391BD7450000DA06D7 /* Base */ = {isa = PBXFileReference; lastKnownFileType = file.storyboard; name = Base; path = Base.lproj/LaunchScreen.storyboard; sourceTree = "<group>"; };
		9639433B1BD7450000DA06D7 /* Info.plist */ = {isa = PBXFileReference; lastKnownFileType = text.plist.xml; path = Info.plist; sourceTree = "<group>"; };
/* End PBXFileReference section */

/* Begin PBXFrameworksBuildPhase section */
		963943291BD7450000DA06D7 /* Frameworks */ = {
			isa = PBXFrameworksBuildPhase;
			buildActionMask = 2147483647;
			files = (
			);
			runOnlyForDeploymentPostprocessing = 0;
		};
/* End PBXFrameworksBuildPhase section */

/* Begin PBXGroup section */
		963943231BD7450000DA06D7 = {
			isa = PBXGroup;
			children = (
				9639432E1BD7450000DA06D7 /* tryTest */,
				9639432D1BD7450000DA06D7 /* Products */,
			);
			sourceTree = "<group>";
		};
		9639432D1BD7450000DA06D7 /* Products */ = {
			isa = PBXGroup;
			children = (
				9639432C1BD7450000DA06D7 /* tryTest.app */,
			);
			name = Products;
			sourceTree = "<group>";
		};
		9639432E1BD7450000DA06D7 /* tryTest */ = {
			isa = PBXGroup;
			children = (
				9639432F1BD7450000DA06D7 /* AppDelegate.swift */,
				963943311BD7450000DA06D7 /* ViewController.swift */,
				963943331BD7450000DA06D7 /* Main.storyboard */,
				963943361BD7450000DA06D7 /* Assets.xcassets */,
				963943381BD7450000DA06D7 /* LaunchScreen.storyboard */,
				9639433B1BD7450000DA06D7 /* Info.plist */,
			);
			path = tryTest;
			sourceTree = "<group>";
		};
/* End PBXGroup section */

/* Begin PBXNativeTarget section */
		9639432B1BD7450000DA06D7 /* tryTest */ = {
			isa = PBXNativeTarget;
			buildConfigurationList = 9639433E1BD7450000DA06D7 /* Build configuration list for PBXNativeTarget "tryTest" */;
			buildPhases = (
				963943281BD7450000DA06D7 /* Sources */,
				963943291BD7450000DA06D7 /* Frameworks */,
				9639432A1BD7450000DA06D7 /* Resources */,
			);
			buildRules = (
			);
			dependencies = (
			);
			name = tryTest;
			productName = tryTest;
			productReference = 9639432C1BD7450000DA06D7 /* tryTest.app */;
			productType = "com.apple.product-type.application";
		};
/* End PBXNativeTarget section */

/* Begin PBXProject section */
		963943241BD7450000DA06D7 /* Project object */ = {
			isa = PBXProject;
			attributes = {
				LastUpgradeCheck = 0700;
				ORGANIZATIONNAME = Jason;
				TargetAttributes = {
					9639432B1BD7450000DA06D7 = {
						CreatedOnToolsVersion = 7.0.1;
					};
				};
			};
			buildConfigurationList = 963943271BD7450000DA06D7 /* Build configuration list for PBXProject "tryTest" */;
			compatibilityVersion = "Xcode 3.2";
			developmentRegion = English;
			hasScannedForEncodings = 0;
			knownRegions = (
				en,
				Base,
			);
			mainGroup = 963943231BD7450000DA06D7;
			productRefGroup = 9639432D1BD7450000DA06D7 /* Products */;
			projectDirPath = "";
			projectRoot = "";
			targets = (
				9639432B1BD7450000DA06D7 /* tryTest */,
			);
		};
/* End PBXProject section */

/* Begin PBXResourcesBuildPhase section */
		9639432A1BD7450000DA06D7 /* Resources */ = {
			isa = PBXResourcesBuildPhase;
			buildActionMask = 2147483647;
			files = (
				9639433A1BD7450000DA06D7 /* LaunchScreen.storyboard in Resources */,
				963943371BD7450000DA06D7 /* Assets.xcassets in Resources */,
				963943351BD7450000DA06D7 /* Main.storyboard in Resources */,
			);
			runOnlyForDeploymentPostprocessing = 0;
		};
/* End PBXResourcesBuildPhase section */

/* Begin PBXSourcesBuildPhase section */
		963943281BD7450000DA06D7 /* Sources */ = {
			isa = PBXSourcesBuildPhase;
			buildActionMask = 2147483647;
			files = (
				963943321BD7450000DA06D7 /* ViewController.swift in Sources */,
				963943301BD7450000DA06D7 /* AppDelegate.swift in Sources */,
			);
			runOnlyForDeploymentPostprocessing = 0;
		};
/* End PBXSourcesBuildPhase section */

/* Begin PBXVariantGroup section */
		963943331BD7450000DA06D7 /* Main.storyboard */ = {
			isa = PBXVariantGroup;
			children = (
				963943341BD7450000DA06D7 /* Base */,
			);
			name = Main.storyboard;
			sourceTree = "<group>";
		};
		963943381BD7450000DA06D7 /* LaunchScreen.storyboard */ = {
			isa = PBXVariantGroup;
			children = (
				963943391BD7450000DA06D7 /* Base */,
			);
			name = LaunchScreen.storyboard;
			sourceTree = "<group>";
		};
/* End PBXVariantGroup section */

/* Begin XCBuildConfiguration section */
		9639433C1BD7450000DA06D7 /* Debug */ = {
			isa = XCBuildConfiguration;
			buildSettings = {
				ALWAYS_SEARCH_USER_PATHS = NO;
				CLANG_CXX_LANGUAGE_STANDARD = "gnu++0x";
				CLANG_CXX_LIBRARY = "libc++";
				CLANG_ENABLE_MODULES = YES;
				CLANG_ENABLE_OBJC_ARC = YES;
				CLANG_WARN_BOOL_CONVERSION = YES;
				CLANG_WARN_CONSTANT_CONVERSION = YES;
				CLANG_WARN_DIRECT_OBJC_ISA_USAGE = YES_ERROR;
				CLANG_WARN_EMPTY_BODY = YES;
				CLANG_WARN_ENUM_CONVERSION = YES;
				CLANG_WARN_INT_CONVERSION = YES;
				CLANG_WARN_OBJC_ROOT_CLASS = YES_ERROR;
				CLANG_WARN_UNREACHABLE_CODE = YES;
				CLANG_WARN__DUPLICATE_METHOD_MATCH = YES;
				"CODE_SIGN_IDENTITY[sdk=iphoneos*]" = "iPhone Developer";
				COPY_PHASE_STRIP = NO;
				DEBUG_INFORMATION_FORMAT = dwarf;
				ENABLE_STRICT_OBJC_MSGSEND = YES;
				ENABLE_TESTABILITY = YES;
				GCC_C_LANGUAGE_STANDARD = gnu99;
				GCC_DYNAMIC_NO_PIC = NO;
				GCC_NO_COMMON_BLOCKS = YES;
				GCC_OPTIMIZATION_LEVEL = 0;
				GCC_PREPROCESSOR_DEFINITIONS = (
					"DEBUG=1",
					"$(inherited)",
				);
				GCC_WARN_64_TO_32_BIT_CONVERSION = YES;
				GCC_WARN_ABOUT_RETURN_TYPE = YES_ERROR;
				GCC_WARN_UNDECLARED_SELECTOR = YES;
				GCC_WARN_UNINITIALIZED_AUTOS = YES_AGGRESSIVE;
				GCC_WARN_UNUSED_FUNCTION = YES;
				GCC_WARN_UNUSED_VARIABLE = YES;
				IPHONEOS_DEPLOYMENT_TARGET = 9.0;
				MTL_ENABLE_DEBUG_INFO = YES;
				ONLY_ACTIVE_ARCH = YES;
				SDKROOT = iphoneos;
				SWIFT_OPTIMIZATION_LEVEL = "-Onone";
			};
			name = Debug;
		};
		9639433D1BD7450000DA06D7 /* Release */ = {
			isa = XCBuildConfiguration;
			buildSettings = {
				ALWAYS_SEARCH_USER_PATHS = NO;
				CLANG_CXX_LANGUAGE_STANDARD = "gnu++0x";
				CLANG_CXX_LIBRARY = "libc++";
				CLANG_ENABLE_MODULES = YES;
				CLANG_ENABLE_OBJC_ARC = YES;
				CLANG_WARN_BOOL_CONVERSION = YES;
				CLANG_WARN_CONSTANT_CONVERSION = YES;
				CLANG_WARN_DIRECT_OBJC_ISA_USAGE = YES_ERROR;
				CLANG_WARN_EMPTY_BODY = YES;
				CLANG_WARN_ENUM_CONVERSION = YES;
				CLANG_WARN_INT_CONVERSION = YES;
				CLANG_WARN_OBJC_ROOT_CLASS = YES_ERROR;
				CLANG_WARN_UNREACHABLE_CODE = YES;
				CLANG_WARN__DUPLICATE_METHOD_MATCH = YES;
				"CODE_SIGN_IDENTITY[sdk=iphoneos*]" = "iPhone Developer";
				COPY_PHASE_STRIP = NO;
				DEBUG_INFORMATION_FORMAT = "dwarf-with-dsym";
				ENABLE_NS_ASSERTIONS = NO;
				ENABLE_STRICT_OBJC_MSGSEND = YES;
				GCC_C_LANGUAGE_STANDARD = gnu99;
				GCC_NO_COMMON_BLOCKS = YES;
				GCC_WARN_64_TO_32_BIT_CONVERSION = YES;
				GCC_WARN_ABOUT_RETURN_TYPE = YES_ERROR;
				GCC_WARN_UNDECLARED_SELECTOR = YES;
				GCC_WARN_UNINITIALIZED_AUTOS = YES_AGGRESSIVE;
				GCC_WARN_UNUSED_FUNCTION = YES;
				GCC_WARN_UNUSED_VARIABLE = YES;
				IPHONEOS_DEPLOYMENT_TARGET = 9.0;
				MTL_ENABLE_DEBUG_INFO = NO;
				SDKROOT = iphoneos;
				VALIDATE_PRODUCT = YES;
			};
			name = Release;
		};
		9639433F1BD7450000DA06D7 /* Debug */ = {
			isa = XCBuildConfiguration;
			buildSettings = {
				ASSETCATALOG_COMPILER_APPICON_NAME = AppIcon;
				INFOPLIST_FILE = tryTest/Info.plist;
				LD_RUNPATH_SEARCH_PATHS = "$(inherited) @executable_path/Frameworks";
				PRODUCT_BUNDLE_IDENTIFIER = com.tryTest;
				PRODUCT_NAME = "$(TARGET_NAME)";
			};
			name = Debug;
		};
		963943401BD7450000DA06D7 /* Release */ = {
			isa = XCBuildConfiguration;
			buildSettings = {
				ASSETCATALOG_COMPILER_APPICON_NAME = AppIcon;
				INFOPLIST_FILE = tryTest/Info.plist;
				LD_RUNPATH_SEARCH_PATHS = "$(inherited) @executable_path/Frameworks";
				PRODUCT_BUNDLE_IDENTIFIER = com.tryTest;
				PRODUCT_NAME = "$(TARGET_NAME)";
			};
			name = Release;
		};
/* End XCBuildConfiguration section */

/* Begin XCConfigurationList section */
		963943271BD7450000DA06D7 /* Build configuration list for PBXProject "tryTest" */ = {
			isa = XCConfigurationList;
			buildConfigurations = (
				9639433C1BD7450000DA06D7 /* Debug */,
				9639433D1BD7450000DA06D7 /* Release */,
			);
			defaultConfigurationIsVisible = 0;
			defaultConfigurationName = Release;
		};
		9639433E1BD7450000DA06D7 /* Build configuration list for PBXNativeTarget "tryTest" */ = {
			isa = XCConfigurationList;
			buildConfigurations = (
				9639433F1BD7450000DA06D7 /* Debug */,
				963943401BD7450000DA06D7 /* Release */,
			);
			defaultConfigurationIsVisible = 0;
		};
/* End XCConfigurationList section */
	};
	rootObject = 963943241BD7450000DA06D7 /* Project object */;
}
